
Microsoft Visual Studio Solution File, Format Version 12.00
# Visual Studio Version 17
VisualStudioVersion = 17.3.32901.215
MinimumVisualStudioVersion = 10.0.40219.1
Project("{FAE04EC0-301F-11D3-BF4B-00C04F79EFBC}") = "pryAliagaCabañasSP2", "pryAliagaCabañasSP2\pryAliagaCabañasSP2.csproj", "{9C9D0478-45AE-4FB0-840D-918F834E25AA}"
EndProject
Global
	GlobalSection(SolutionConfigurationPlatforms) = preSolution
		Debug|Any CPU = Debug|Any CPU
		Release|Any CPU = Release|Any CPU
	EndGlobalSection
	GlobalSection(ProjectConfigurationPlatforms) = postSolution
		{9C9D0478-45AE-4FB0-840D-918F834E25AA}.Debug|Any CPU.ActiveCfg = Debug|Any CPU
		{9C9D0478-45AE-4FB0-840D-918F834E25AA}.Debug|Any CPU.Build.0 = Debug|Any CPU
		{9C9D0478-45AE-4FB0-840D-918F834E25AA}.Release|Any CPU.ActiveCfg = Release|Any CPU
		{9C9D0478-45AE-4FB0-840D-918F834E25AA}.Release|Any CPU.Build.0 = Release|Any CPU
	EndGlobalSection
	GlobalSection(SolutionProperties) = preSolution
		HideSolutionNode = FALSE
	EndGlobalSection
	GlobalSection(ExtensibilityGlobals) = postSolution
		SolutionGuid = {A876E315-0843-4CD1-A35C-AB015A957CB0}
	EndGlobalSection
EndGlobal
